
Microsoft Visual Studio Solution File, Format Version 12.00
# Visual Studio Version 16
VisualStudioVersion = 25.0.1704.0
MinimumVisualStudioVersion = 10.0.40219.1
Project("{FAE04EC0-301F-11D3-BF4B-00C04F79EFBC}") = "day06", "day06\day06.csproj", "{7534FD45-C4FD-4BC8-B265-C7CF30B8BF75}"
EndProject
Project("{FAE04EC0-301F-11D3-BF4B-00C04F79EFBC}") = "day06_pretty", "day06_pretty\day06_pretty.csproj", "{374B4B71-6ACA-42B6-9293-A0712A05EF7E}"
EndProject
Global
	GlobalSection(SolutionConfigurationPlatforms) = preSolution
		Debug|Any CPU = Debug|Any CPU
		Release|Any CPU = Release|Any CPU
	EndGlobalSection
	GlobalSection(ProjectConfigurationPlatforms) = postSolution
		{7534FD45-C4FD-4BC8-B265-C7CF30B8BF75}.Debug|Any CPU.ActiveCfg = Debug|Any CPU
		{7534FD45-C4FD-4BC8-B265-C7CF30B8BF75}.Debug|Any CPU.Build.0 = Debug|Any CPU
		{7534FD45-C4FD-4BC8-B265-C7CF30B8BF75}.Release|Any CPU.ActiveCfg = Release|Any CPU
		{7534FD45-C4FD-4BC8-B265-C7CF30B8BF75}.Release|Any CPU.Build.0 = Release|Any CPU
		{374B4B71-6ACA-42B6-9293-A0712A05EF7E}.Debug|Any CPU.ActiveCfg = Debug|Any CPU
		{374B4B71-6ACA-42B6-9293-A0712A05EF7E}.Debug|Any CPU.Build.0 = Debug|Any CPU
		{374B4B71-6ACA-42B6-9293-A0712A05EF7E}.Release|Any CPU.ActiveCfg = Release|Any CPU
		{374B4B71-6ACA-42B6-9293-A0712A05EF7E}.Release|Any CPU.Build.0 = Release|Any CPU
	EndGlobalSection
	GlobalSection(SolutionProperties) = preSolution
		HideSolutionNode = FALSE
	EndGlobalSection
	GlobalSection(ExtensibilityGlobals) = postSolution
		SolutionGuid = {DC0F9E22-806E-43E2-BFF0-A591FF7DE69F}
	EndGlobalSection
EndGlobal
